lockfileVersion: '9.0'

settings:
  autoInstallPeers: true
  excludeLinksFromLockfile: false

importers:

  .:
    dependencies:
      '@sentry/browser':
        specifier: ^5.22.3
        version: 5.30.0
      core-js:
        specifier: ^3.6.5
        version: 3.37.0
      custom-event-polyfill:
        specifier: ^1.0.7
        version: 1.0.7
      shr-buttons:
        specifier: 2.0.3
        version: 2.0.3
      url-polyfill:
        specifier: ^1.1.10
        version: 1.1.12

packages:

  '@sentry/browser@5.30.0':
    resolution: {integrity: sha512-rOb58ZNVJWh1VuMuBG1mL9r54nZqKeaIlwSlvzJfc89vyfd7n6tQ1UXMN383QBz/MS5H5z44Hy5eE+7pCrYAfw==}
    engines: {node: '>=6'}

  '@sentry/core@5.30.0':
    resolution: {integrity: sha512-TmfrII8w1PQZSZgPpUESqjB+jC6MvZJZdLtE/0hZ+SrnKhW3x5WlYLvTXZpcWePYBku7rl2wn1RZu6uT0qCTeg==}
    engines: {node: '>=6'}

  '@sentry/hub@5.30.0':
    resolution: {integrity: sha512-2tYrGnzb1gKz2EkMDQcfLrDTvmGcQPuWxLnJKXJvYTQDGLlEvi2tWz1VIHjunmOvJrB5aIQLhm+dcMRwFZDCqQ==}
    engines: {node: '>=6'}

  '@sentry/minimal@5.30.0':
    resolution: {integrity: sha512-BwWb/owZKtkDX+Sc4zCSTNcvZUq7YcH3uAVlmh/gtR9rmUvbzAA3ewLuB3myi4wWRAMEtny6+J/FN/x+2wn9Xw==}
    engines: {node: '>=6'}

  '@sentry/types@5.30.0':
    resolution: {integrity: sha512-R8xOqlSTZ+htqrfteCWU5Nk0CDN5ApUTvrlvBuiH1DyP6czDZ4ktbZB0hAgBlVcK0U+qpD3ag3Tqqpa5Q67rPw==}
    engines: {node: '>=6'}

  '@sentry/utils@5.30.0':
    resolution: {integrity: sha512-zaYmoH0NWWtvnJjC9/CBseXMtKHm/tm40sz3YfJRxeQjyzRqNQPgivpd9R/oDJCYj999mzdW382p/qi2ypjLww==}
    engines: {node: '>=6'}

  core-js@3.37.0:
    resolution: {integrity: sha512-fu5vHevQ8ZG4og+LXug8ulUtVxjOcEYvifJr7L5Bfq9GOztVqsKd9/59hUk2ZSbCrS3BqUr3EpaYGIYzq7g3Ug==}

  custom-event-polyfill@1.0.7:
    resolution: {integrity: sha512-TDDkd5DkaZxZFM8p+1I3yAlvM3rSr1wbrOliG4yJiwinMZN8z/iGL7BTlDkrJcYTmgUSb4ywVCc3ZaUtOtC76w==}

  shr-buttons@2.0.3:
    resolution: {integrity: sha512-sPAgHiw4uaIt9TnxTfyZEedDChcldSVtnBHE44cpe/mSC7rqm4IEKZRLYqnVlTcGM+FSDNBPUNpSf50Q2ntd+w==}

  tslib@1.14.1:
    resolution: {integrity: sha512-Xni35NKzjgMrwevysHTCArtLDpPvye8zV/0E4EyYn43P7/7qvQwPh9BGkHewbMulVntbigmcT7rdX3BNo9wRJg==}

  url-polyfill@1.1.12:
    resolution: {integrity: sha512-mYFmBHCapZjtcNHW0MDq9967t+z4Dmg5CJ0KqysK3+ZbyoNOWQHksGCTWwDhxGXllkWlOc10Xfko6v4a3ucM6A==}

snapshots:

  '@sentry/browser@5.30.0':
    dependencies:
      '@sentry/core': 5.30.0
      '@sentry/types': 5.30.0
      '@sentry/utils': 5.30.0
      tslib: 1.14.1

  '@sentry/core@5.30.0':
    dependencies:
      '@sentry/hub': 5.30.0
      '@sentry/minimal': 5.30.0
      '@sentry/types': 5.30.0
      '@sentry/utils': 5.30.0
      tslib: 1.14.1

  '@sentry/hub@5.30.0':
    dependencies:
      '@sentry/types': 5.30.0
      '@sentry/utils': 5.30.0
      tslib: 1.14.1

  '@sentry/minimal@5.30.0':
    dependencies:
      '@sentry/hub': 5.30.0
      '@sentry/types': 5.30.0
      tslib: 1.14.1

  '@sentry/types@5.30.0': {}

  '@sentry/utils@5.30.0':
    dependencies:
      '@sentry/types': 5.30.0
      tslib: 1.14.1

  core-js@3.37.0: {}

  custom-event-polyfill@1.0.7: {}

  shr-buttons@2.0.3: {}

  tslib@1.14.1: {}

  url-polyfill@1.1.12: {}
